
Microsoft Visual Studio Solution File, Format Version 12.00
# Visual Studio Version 16
VisualStudioVersion = 16.0.29519.181
MinimumVisualStudioVersion = 10.0.40219.1
Project("{FAE04EC0-301F-11D3-BF4B-00C04F79EFBC}") = "Power", "Power\Power.csproj", "{335E9445-4577-47F6-80EA-C7520CAE6CB7}"
EndProject
Global
	GlobalSection(SolutionConfigurationPlatforms) = preSolution
		Debug|Any CPU = Debug|Any CPU
		Release|Any CPU = Release|Any CPU
	EndGlobalSection
	GlobalSection(ProjectConfigurationPlatforms) = postSolution
		{335E9445-4577-47F6-80EA-C7520CAE6CB7}.Debug|Any CPU.ActiveCfg = Debug|Any CPU
		{335E9445-4577-47F6-80EA-C7520CAE6CB7}.Debug|Any CPU.Build.0 = Debug|Any CPU
		{335E9445-4577-47F6-80EA-C7520CAE6CB7}.Release|Any CPU.ActiveCfg = Release|Any CPU
		{335E9445-4577-47F6-80EA-C7520CAE6CB7}.Release|Any CPU.Build.0 = Release|Any CPU
	EndGlobalSection
	GlobalSection(SolutionProperties) = preSolution
		HideSolutionNode = FALSE
	EndGlobalSection
	GlobalSection(ExtensibilityGlobals) = postSolution
		SolutionGuid = {7271C3EC-A74E-4FF4-BFE3-50F964490F8C}
	EndGlobalSection
EndGlobal
